
Microsoft Visual Studio Solution File, Format Version 12.00
# Visual Studio Version 16
VisualStudioVersion = 16.0.31829.152
MinimumVisualStudioVersion = 10.0.40219.1
Project("{FAE04EC0-301F-11D3-BF4B-00C04F79EFBC}") = "IndiaCensusDataDemo", "IndiaCensusDataDemo\IndiaCensusDataDemo.csproj", "{7AD78F6E-5028-45C4-BBD6-60AC49D96D5E}"
EndProject
Global
	GlobalSection(SolutionConfigurationPlatforms) = preSolution
		Debug|Any CPU = Debug|Any CPU
		Release|Any CPU = Release|Any CPU
	EndGlobalSection
	GlobalSection(ProjectConfigurationPlatforms) = postSolution
		{7AD78F6E-5028-45C4-BBD6-60AC49D96D5E}.Debug|Any CPU.ActiveCfg = Debug|Any CPU
		{7AD78F6E-5028-45C4-BBD6-60AC49D96D5E}.Debug|Any CPU.Build.0 = Debug|Any CPU
		{7AD78F6E-5028-45C4-BBD6-60AC49D96D5E}.Release|Any CPU.ActiveCfg = Release|Any CPU
		{7AD78F6E-5028-45C4-BBD6-60AC49D96D5E}.Release|Any CPU.Build.0 = Release|Any CPU
	EndGlobalSection
	GlobalSection(SolutionProperties) = preSolution
		HideSolutionNode = FALSE
	EndGlobalSection
	GlobalSection(ExtensibilityGlobals) = postSolution
		SolutionGuid = {F205E318-C69F-4020-A71B-DDBD1E258D64}
	EndGlobalSection
EndGlobal
